
Microsoft Visual Studio Solution File, Format Version 11.00
# Visual Studio 2010
Project("{FAE04EC0-301F-11D3-BF4B-00C04F79EFBC}") = "Assembly-CSharp", "Assembly-CSharp.csproj", "{F3C68572-CBE9-BB6B-DFCF-A71BFE14EF0C}"
EndProject
Project("{FAE04EC0-301F-11D3-BF4B-00C04F79EFBC}") = "Unity.CastVisualizer.Samples.SampleScenes", "Unity.CastVisualizer.Samples.SampleScenes.csproj", "{8C27B4E9-EF3E-43E3-26AE-FF487730B808}"
EndProject
Project("{FAE04EC0-301F-11D3-BF4B-00C04F79EFBC}") = "Unity.CastVisualizer.Editor", "Unity.CastVisualizer.Editor.csproj", "{8834675C-A5DF-0D49-E92E-D1AA30078294}"
EndProject
Global
	GlobalSection(SolutionConfigurationPlatforms) = preSolution
		Debug|Any CPU = Debug|Any CPU
		Release|Any CPU = Release|Any CPU
	EndGlobalSection
	GlobalSection(ProjectConfigurationPlatforms) = postSolution
		{F3C68572-CBE9-BB6B-DFCF-A71BFE14EF0C}.Debug|Any CPU.ActiveCfg = Debug|Any CPU
		{F3C68572-CBE9-BB6B-DFCF-A71BFE14EF0C}.Debug|Any CPU.Build.0 = Debug|Any CPU
		{F3C68572-CBE9-BB6B-DFCF-A71BFE14EF0C}.Release|Any CPU.ActiveCfg = Release|Any CPU
		{F3C68572-CBE9-BB6B-DFCF-A71BFE14EF0C}.Release|Any CPU.Build.0 = Release|Any CPU
		{8C27B4E9-EF3E-43E3-26AE-FF487730B808}.Debug|Any CPU.ActiveCfg = Debug|Any CPU
		{8C27B4E9-EF3E-43E3-26AE-FF487730B808}.Debug|Any CPU.Build.0 = Debug|Any CPU
		{8C27B4E9-EF3E-43E3-26AE-FF487730B808}.Release|Any CPU.ActiveCfg = Release|Any CPU
		{8C27B4E9-EF3E-43E3-26AE-FF487730B808}.Release|Any CPU.Build.0 = Release|Any CPU
		{8834675C-A5DF-0D49-E92E-D1AA30078294}.Debug|Any CPU.ActiveCfg = Debug|Any CPU
		{8834675C-A5DF-0D49-E92E-D1AA30078294}.Debug|Any CPU.Build.0 = Debug|Any CPU
		{8834675C-A5DF-0D49-E92E-D1AA30078294}.Release|Any CPU.ActiveCfg = Release|Any CPU
		{8834675C-A5DF-0D49-E92E-D1AA30078294}.Release|Any CPU.Build.0 = Release|Any CPU
	EndGlobalSection
	GlobalSection(SolutionProperties) = preSolution
		HideSolutionNode = FALSE
	EndGlobalSection
EndGlobal
